
Microsoft Visual Studio Solution File, Format Version 12.00
# Visual Studio 15
VisualStudioVersion = 15.0.28307.329
MinimumVisualStudioVersion = 10.0.40219.1
Project("{FAE04EC0-301F-11D3-BF4B-00C04F79EFBC}") = "hw14", "hw14\hw14.csproj", "{D2FDDC40-FEBC-49B0-AB91-2465E1A741C0}"
EndProject
Global
	GlobalSection(SolutionConfigurationPlatforms) = preSolution
		Debug|Any CPU = Debug|Any CPU
		Release|Any CPU = Release|Any CPU
	EndGlobalSection
	GlobalSection(ProjectConfigurationPlatforms) = postSolution
		{D2FDDC40-FEBC-49B0-AB91-2465E1A741C0}.Debug|Any CPU.ActiveCfg = Debug|Any CPU
		{D2FDDC40-FEBC-49B0-AB91-2465E1A741C0}.Debug|Any CPU.Build.0 = Debug|Any CPU
		{D2FDDC40-FEBC-49B0-AB91-2465E1A741C0}.Release|Any CPU.ActiveCfg = Release|Any CPU
		{D2FDDC40-FEBC-49B0-AB91-2465E1A741C0}.Release|Any CPU.Build.0 = Release|Any CPU
	EndGlobalSection
	GlobalSection(SolutionProperties) = preSolution
		HideSolutionNode = FALSE
	EndGlobalSection
	GlobalSection(ExtensibilityGlobals) = postSolution
		SolutionGuid = {1223A6D4-3403-4145-B4A8-3D530E2B3C51}
	EndGlobalSection
EndGlobal
